# Generated by pub
# See http://pub.dartlang.org/doc/glossary.html#lockfile
packages:
  bootjack:
    description: bootjack
    source: hosted
    version: "0.6.0+1"
  browser:
    description: browser
    source: hosted
    version: "0.6.21+3"
  dquery:
    description: dquery
    source: hosted
    version: "0.5.2"
  logging:
    description: logging
    source: hosted
    version: "0.6.21+3"
  meta:
    description: meta
    source: hosted
    version: "0.6.21+3"
  path:
    description: path
    source: hosted
    version: "0.6.21+3"
  rikulo_commons:
    description: rikulo_commons
    source: hosted
    version: "0.8.2+1"
  stack_trace:
    description: stack_trace
    source: hosted
    version: "0.6.21+3"
  unittest:
    description: unittest
    source: hosted
    version: "0.6.21+3"
