# Generated by pub
# See http://pub.dartlang.org/doc/glossary.html#lockfile
packages:
  dartlero:
    description:
      ref: null
      resolved-ref: "8af4c1e89d301a686b7388fe55d844d8af3322f6"
      url: "https://github.com/dzenanr/dartlero"
    source: git
    version: "0.1.0"
  meta:
    description: meta
    source: hosted
    version: "0.6.21+3"
  path:
    description: path
    source: hosted
    version: "0.6.21+3"
  stack_trace:
    description: stack_trace
    source: hosted
    version: "0.6.21+3"
  unittest:
    description: unittest
    source: hosted
    version: "0.6.21+3"
