# Generated by pub
# See http://pub.dartlang.org/doc/glossary.html#lockfile
packages:
  analyzer:
    description: analyzer
    source: hosted
    version: "0.10.1"
  args:
    description: args
    source: hosted
    version: "0.9.0"
  barback:
    description: barback
    source: hosted
    version: "0.9.0"
  browser:
    description: browser
    source: hosted
    version: "0.9.0"
  csslib:
    description: csslib
    source: hosted
    version: "0.9.0"
  custom_element:
    description: custom_element
    source: hosted
    version: "0.9.0"
  html5lib:
    description: html5lib
    source: hosted
    version: "0.9.0"
  html_import:
    description: html_import
    source: hosted
    version: "0.9.0"
  logging:
    description: logging
    source: hosted
    version: "0.9.0"
  mutation_observer:
    description: mutation_observer
    source: hosted
    version: "0.9.0"
  observe:
    description: observe
    source: hosted
    version: "0.9.0"
  path:
    description: path
    source: hosted
    version: "0.9.0"
  polymer:
    description: polymer
    source: hosted
    version: "0.9.0"
  polymer_expressions:
    description: polymer_expressions
    source: hosted
    version: "0.9.0"
  shadow_dom:
    description: shadow_dom
    source: hosted
    version: "0.9.0"
  source_maps:
    description: source_maps
    source: hosted
    version: "0.9.0"
  stack_trace:
    description: stack_trace
    source: hosted
    version: "0.9.0"
  template_binding:
    description: template_binding
    source: hosted
    version: "0.9.0"
  unmodifiable_collection:
    description: unmodifiable_collection
    source: hosted
    version: "0.9.0"
  utf:
    description: utf
    source: hosted
    version: "0.9.0"
  yaml:
    description: yaml
    source: hosted
    version: "0.9.0"
