# Generated by pub
# See http://pub.dartlang.org/doc/glossary.html#lockfile
packages:
  browser:
    description: browser
    source: hosted
    version: "0.5.20"
  logging:
    description: logging
    source: hosted
    version: "0.5.20"
  meta:
    description: meta
    source: hosted
    version: "0.5.20"
  rikulo_commons:
    description: rikulo_commons
    source: hosted
    version: "0.7.8+2"
  rikulo_ui:
    description: rikulo_ui
    source: hosted
    version: "0.6.7+4"
  unittest:
    description: unittest
    source: hosted
    version: "0.5.20"
